Microsoft Visual Studio Solution File, Format Version 12.00
# Visual Studio 15
VisualStudioVersion = 15.0.27004.2010
MinimumVisualStudioVersion = 10.0.40219.1
Project("{2150E333-8FDC-42A3-9474-1A3956D46DE8}") = "src", "src", "{2EC986FB-3831-46DF-AFF0-D6AE6128C55E}"
EndProject
Project("{2150E333-8FDC-42A3-9474-1A3956D46DE8}") = "Solution Items", "Solution Items", "{A0C1601C-801F-43ED-BDBC-9BD6E69F0BB0}"
	ProjectSection(SolutionItems) = preProject
		.env = .env
		.gitignore = .gitignore
		Dockerfile = Dockerfile
		gulpfile.js = gulpfile.js
		NuGet.config = NuGet.config
		package.json = package.json
		README.md = README.md
	EndProjectSection
EndProject
Project("{2150E333-8FDC-42A3-9474-1A3956D46DE8}") = "modules", "modules", "{31612A4E-8B04-4A4C-88C4-48EB07370364}"
EndProject
Project("{9A19103F-16F7-4668-BE54-9A1E7A4F7556}") = "Data", "src\modules\Data\Data.csproj", "{E4EE85A6-E64C-4FD8-934D-2EB5FBCF0097}"
EndProject
Project("{9A19103F-16F7-4668-BE54-9A1E7A4F7556}") = "Api", "src\modules\Api\Api.csproj", "{946DDFE8-60C9-4F1F-AE3F-66ADC604E797}"
EndProject
Project("{9A19103F-16F7-4668-BE54-9A1E7A4F7556}") = "Data.FileSystem", "src\modules\Data.FileSystem\Data.FileSystem.csproj", "{4B554C0C-B363-4C4B-80C2-7493E67F345C}"
EndProject
Project("{9A19103F-16F7-4668-BE54-9A1E7A4F7556}") = "Data.EF.SqlServer", "src\modules\Data.EF.SqlServer\Data.EF.SqlServer.csproj", "{E7DBB2C0-3B9A-4AC0-A1AA-E59EEC3466E6}"
EndProject
Project("{9A19103F-16F7-4668-BE54-9A1E7A4F7556}") = "Data.Mongo", "src\modules\Data.Mongo\Data.Mongo.csproj", "{9CF5CD48-1FAF-4E8E-930F-65702A2F9411}"
EndProject
Project("{2150E333-8FDC-42A3-9474-1A3956D46DE8}") = "samples", "samples", "{4F483E03-69AC-4FC6-B7FF-3BF7E24F57E0}"
EndProject
Project("{2150E333-8FDC-42A3-9474-1A3956D46DE8}") = "tests", "tests", "{1786CCFD-1BA5-455A-BB4C-94976B9F363B}"
EndProject
Project("{9A19103F-16F7-4668-BE54-9A1E7A4F7556}") = "StaticFiles", "src\modules\StaticFiles\StaticFiles.csproj", "{A943B2EF-2FD0-416A-9C54-877FFA0C000A}"
EndProject
Project("{9A19103F-16F7-4668-BE54-9A1E7A4F7556}") = "ExtensionBase", "src\modules\ExtensionBase\ExtensionBase.csproj", "{CBF04DEA-35FE-4F74-B271-128BFD1F01CF}"
EndProject
Project("{9A19103F-16F7-4668-BE54-9A1E7A4F7556}") = "web", "samples\web\web.csproj", "{AF58C4F9-2097-41C2-98B6-BD7C194EA882}"
EndProject
Project("{9A19103F-16F7-4668-BE54-9A1E7A4F7556}") = "Message", "src\modules\Message\Message.csproj", "{2461F461-8E10-44C9-B87A-688DDA50354C}"
EndProject
Project("{9A19103F-16F7-4668-BE54-9A1E7A4F7556}") = "Data.Cache", "src\modules\Data.Cache\Data.Cache.csproj", "{ACEACBE1-8F16-4C7D-8E59-4CAC6FC9152B}"
EndProject
Project("{9A19103F-16F7-4668-BE54-9A1E7A4F7556}") = "core", "src\core\core.csproj", "{53800470-648B-4114-A599-849D43E5B4F0}"
EndProject
Project("{9A19103F-16F7-4668-BE54-9A1E7A4F7556}") = "Data.Cache.Memcached", "src\modules\Data.Cache.Memcached\Data.Cache.Memcached.csproj", "{44E83A5C-F02F-48A5-B0F0-1D1C7885DEA1}"
EndProject
Project("{9A19103F-16F7-4668-BE54-9A1E7A4F7556}") = "Data.EF.MySql", "src\modules\Data.EF.MySql\Data.EF.MySql.csproj", "{4F2E79A7-5EC9-4AA3-AF43-BEE9F3E0E048}"
EndProject
Project("{9A19103F-16F7-4668-BE54-9A1E7A4F7556}") = "Data.EF", "src\modules\Data.EF\Data.EF.csproj", "{5C49E15D-CD3B-4E30-B371-6AC99C81CA69}"
EndProject
Project("{FAE04EC0-301F-11D3-BF4B-00C04F79EFBC}") = "Cors", "src\modules\Cors\Cors.csproj", "{08FB2C9F-D526-43C3-AEF1-16A46AD31A76}"
EndProject
Global
	GlobalSection(SolutionConfigurationPlatforms) = preSolution
		Debug|Any CPU = Debug|Any CPU
		Release|Any CPU = Release|Any CPU
	EndGlobalSection
	GlobalSection(ProjectConfigurationPlatforms) = postSolution
		{E4EE85A6-E64C-4FD8-934D-2EB5FBCF0097}.Debug|Any CPU.ActiveCfg = Debug|Any CPU
		{E4EE85A6-E64C-4FD8-934D-2EB5FBCF0097}.Debug|Any CPU.Build.0 = Debug|Any CPU
		{E4EE85A6-E64C-4FD8-934D-2EB5FBCF0097}.Release|Any CPU.ActiveCfg = Release|Any CPU
		{E4EE85A6-E64C-4FD8-934D-2EB5FBCF0097}.Release|Any CPU.Build.0 = Release|Any CPU
		{946DDFE8-60C9-4F1F-AE3F-66ADC604E797}.Debug|Any CPU.ActiveCfg = Debug|Any CPU
		{946DDFE8-60C9-4F1F-AE3F-66ADC604E797}.Debug|Any CPU.Build.0 = Debug|Any CPU
		{946DDFE8-60C9-4F1F-AE3F-66ADC604E797}.Release|Any CPU.ActiveCfg = Release|Any CPU
		{946DDFE8-60C9-4F1F-AE3F-66ADC604E797}.Release|Any CPU.Build.0 = Release|Any CPU
		{4B554C0C-B363-4C4B-80C2-7493E67F345C}.Debug|Any CPU.ActiveCfg = Debug|Any CPU
		{4B554C0C-B363-4C4B-80C2-7493E67F345C}.Debug|Any CPU.Build.0 = Debug|Any CPU
		{4B554C0C-B363-4C4B-80C2-7493E67F345C}.Release|Any CPU.ActiveCfg = Release|Any CPU
		{4B554C0C-B363-4C4B-80C2-7493E67F345C}.Release|Any CPU.Build.0 = Release|Any CPU
		{E7DBB2C0-3B9A-4AC0-A1AA-E59EEC3466E6}.Debug|Any CPU.ActiveCfg = Debug|Any CPU
		{E7DBB2C0-3B9A-4AC0-A1AA-E59EEC3466E6}.Debug|Any CPU.Build.0 = Debug|Any CPU
		{E7DBB2C0-3B9A-4AC0-A1AA-E59EEC3466E6}.Release|Any CPU.ActiveCfg = Release|Any CPU
		{E7DBB2C0-3B9A-4AC0-A1AA-E59EEC3466E6}.Release|Any CPU.Build.0 = Release|Any CPU
		{9CF5CD48-1FAF-4E8E-930F-65702A2F9411}.Debug|Any CPU.ActiveCfg = Debug|Any CPU
		{9CF5CD48-1FAF-4E8E-930F-65702A2F9411}.Debug|Any CPU.Build.0 = Debug|Any CPU
		{9CF5CD48-1FAF-4E8E-930F-65702A2F9411}.Release|Any CPU.ActiveCfg = Release|Any CPU
		{9CF5CD48-1FAF-4E8E-930F-65702A2F9411}.Release|Any CPU.Build.0 = Release|Any CPU
		{A943B2EF-2FD0-416A-9C54-877FFA0C000A}.Debug|Any CPU.ActiveCfg = Debug|Any CPU
		{A943B2EF-2FD0-416A-9C54-877FFA0C000A}.Debug|Any CPU.Build.0 = Debug|Any CPU
		{A943B2EF-2FD0-416A-9C54-877FFA0C000A}.Release|Any CPU.ActiveCfg = Release|Any CPU
		{A943B2EF-2FD0-416A-9C54-877FFA0C000A}.Release|Any CPU.Build.0 = Release|Any CPU
		{CBF04DEA-35FE-4F74-B271-128BFD1F01CF}.Debug|Any CPU.ActiveCfg = Debug|Any CPU
		{CBF04DEA-35FE-4F74-B271-128BFD1F01CF}.Debug|Any CPU.Build.0 = Debug|Any CPU
		{CBF04DEA-35FE-4F74-B271-128BFD1F01CF}.Release|Any CPU.ActiveCfg = Release|Any CPU
		{CBF04DEA-35FE-4F74-B271-128BFD1F01CF}.Release|Any CPU.Build.0 = Release|Any CPU
		{AF58C4F9-2097-41C2-98B6-BD7C194EA882}.Debug|Any CPU.ActiveCfg = Debug|Any CPU
		{AF58C4F9-2097-41C2-98B6-BD7C194EA882}.Debug|Any CPU.Build.0 = Debug|Any CPU
		{AF58C4F9-2097-41C2-98B6-BD7C194EA882}.Release|Any CPU.ActiveCfg = Release|Any CPU
		{AF58C4F9-2097-41C2-98B6-BD7C194EA882}.Release|Any CPU.Build.0 = Release|Any CPU
		{2461F461-8E10-44C9-B87A-688DDA50354C}.Debug|Any CPU.ActiveCfg = Debug|Any CPU
		{2461F461-8E10-44C9-B87A-688DDA50354C}.Debug|Any CPU.Build.0 = Debug|Any CPU
		{2461F461-8E10-44C9-B87A-688DDA50354C}.Release|Any CPU.ActiveCfg = Release|Any CPU
		{2461F461-8E10-44C9-B87A-688DDA50354C}.Release|Any CPU.Build.0 = Release|Any CPU
		{ACEACBE1-8F16-4C7D-8E59-4CAC6FC9152B}.Debug|Any CPU.ActiveCfg = Debug|Any CPU
		{ACEACBE1-8F16-4C7D-8E59-4CAC6FC9152B}.Debug|Any CPU.Build.0 = Debug|Any CPU
		{ACEACBE1-8F16-4C7D-8E59-4CAC6FC9152B}.Release|Any CPU.ActiveCfg = Release|Any CPU
		{ACEACBE1-8F16-4C7D-8E59-4CAC6FC9152B}.Release|Any CPU.Build.0 = Release|Any CPU
		{53800470-648B-4114-A599-849D43E5B4F0}.Debug|Any CPU.ActiveCfg = Debug|Any CPU
		{53800470-648B-4114-A599-849D43E5B4F0}.Debug|Any CPU.Build.0 = Debug|Any CPU
		{53800470-648B-4114-A599-849D43E5B4F0}.Release|Any CPU.ActiveCfg = Release|Any CPU
		{53800470-648B-4114-A599-849D43E5B4F0}.Release|Any CPU.Build.0 = Release|Any CPU
		{44E83A5C-F02F-48A5-B0F0-1D1C7885DEA1}.Debug|Any CPU.ActiveCfg = Debug|Any CPU
		{44E83A5C-F02F-48A5-B0F0-1D1C7885DEA1}.Debug|Any CPU.Build.0 = Debug|Any CPU
		{44E83A5C-F02F-48A5-B0F0-1D1C7885DEA1}.Release|Any CPU.ActiveCfg = Release|Any CPU
		{44E83A5C-F02F-48A5-B0F0-1D1C7885DEA1}.Release|Any CPU.Build.0 = Release|Any CPU
		{4F2E79A7-5EC9-4AA3-AF43-BEE9F3E0E048}.Debug|Any CPU.ActiveCfg = Debug|Any CPU
		{4F2E79A7-5EC9-4AA3-AF43-BEE9F3E0E048}.Debug|Any CPU.Build.0 = Debug|Any CPU
		{4F2E79A7-5EC9-4AA3-AF43-BEE9F3E0E048}.Release|Any CPU.ActiveCfg = Release|Any CPU
		{4F2E79A7-5EC9-4AA3-AF43-BEE9F3E0E048}.Release|Any CPU.Build.0 = Release|Any CPU
		{5C49E15D-CD3B-4E30-B371-6AC99C81CA69}.Debug|Any CPU.ActiveCfg = Debug|Any CPU
		{5C49E15D-CD3B-4E30-B371-6AC99C81CA69}.Debug|Any CPU.Build.0 = Debug|Any CPU
		{5C49E15D-CD3B-4E30-B371-6AC99C81CA69}.Release|Any CPU.ActiveCfg = Release|Any CPU
		{5C49E15D-CD3B-4E30-B371-6AC99C81CA69}.Release|Any CPU.Build.0 = Release|Any CPU
		{08FB2C9F-D526-43C3-AEF1-16A46AD31A76}.Debug|Any CPU.ActiveCfg = Debug|Any CPU
		{08FB2C9F-D526-43C3-AEF1-16A46AD31A76}.Debug|Any CPU.Build.0 = Debug|Any CPU
		{08FB2C9F-D526-43C3-AEF1-16A46AD31A76}.Release|Any CPU.ActiveCfg = Release|Any CPU
		{08FB2C9F-D526-43C3-AEF1-16A46AD31A76}.Release|Any CPU.Build.0 = Release|Any CPU
	EndGlobalSection
	GlobalSection(SolutionProperties) = preSolution
		HideSolutionNode = FALSE
	EndGlobalSection
	GlobalSection(NestedProjects) = preSolution
		{31612A4E-8B04-4A4C-88C4-48EB07370364} = {2EC986FB-3831-46DF-AFF0-D6AE6128C55E}
		{E4EE85A6-E64C-4FD8-934D-2EB5FBCF0097} = {31612A4E-8B04-4A4C-88C4-48EB07370364}
		{946DDFE8-60C9-4F1F-AE3F-66ADC604E797} = {31612A4E-8B04-4A4C-88C4-48EB07370364}
		{4B554C0C-B363-4C4B-80C2-7493E67F345C} = {31612A4E-8B04-4A4C-88C4-48EB07370364}
		{E7DBB2C0-3B9A-4AC0-A1AA-E59EEC3466E6} = {31612A4E-8B04-4A4C-88C4-48EB07370364}
		{9CF5CD48-1FAF-4E8E-930F-65702A2F9411} = {31612A4E-8B04-4A4C-88C4-48EB07370364}
		{A943B2EF-2FD0-416A-9C54-877FFA0C000A} = {31612A4E-8B04-4A4C-88C4-48EB07370364}
		{CBF04DEA-35FE-4F74-B271-128BFD1F01CF} = {31612A4E-8B04-4A4C-88C4-48EB07370364}
		{AF58C4F9-2097-41C2-98B6-BD7C194EA882} = {4F483E03-69AC-4FC6-B7FF-3BF7E24F57E0}
		{2461F461-8E10-44C9-B87A-688DDA50354C} = {31612A4E-8B04-4A4C-88C4-48EB07370364}
		{ACEACBE1-8F16-4C7D-8E59-4CAC6FC9152B} = {31612A4E-8B04-4A4C-88C4-48EB07370364}
		{53800470-648B-4114-A599-849D43E5B4F0} = {2EC986FB-3831-46DF-AFF0-D6AE6128C55E}
		{44E83A5C-F02F-48A5-B0F0-1D1C7885DEA1} = {31612A4E-8B04-4A4C-88C4-48EB07370364}
		{4F2E79A7-5EC9-4AA3-AF43-BEE9F3E0E048} = {31612A4E-8B04-4A4C-88C4-48EB07370364}
		{5C49E15D-CD3B-4E30-B371-6AC99C81CA69} = {31612A4E-8B04-4A4C-88C4-48EB07370364}
		{08FB2C9F-D526-43C3-AEF1-16A46AD31A76} = {31612A4E-8B04-4A4C-88C4-48EB07370364}
	EndGlobalSection
	GlobalSection(ExtensibilityGlobals) = postSolution
		SolutionGuid = {C1713483-7DCD-42EB-A437-F0BBBAC5F4EF}
	EndGlobalSection
EndGlobal
